
Microsoft Visual Studio Solution File, Format Version 12.00
# Visual Studio Version 17
VisualStudioVersion = 17.11.35312.102
MinimumVisualStudioVersion = 10.0.40219.1
Project("{FAE04EC0-301F-11D3-BF4B-00C04F79EFBC}") = "do an", "do an\do an.csproj", "{33E32769-8661-48AD-A20E-BA01B3071341}"
EndProject
Global
	GlobalSection(SolutionConfigurationPlatforms) = preSolution
		Debug|Any CPU = Debug|Any CPU
		Release|Any CPU = Release|Any CPU
	EndGlobalSection
	GlobalSection(ProjectConfigurationPlatforms) = postSolution
		{33E32769-8661-48AD-A20E-BA01B3071341}.Debug|Any CPU.ActiveCfg = Debug|Any CPU
		{33E32769-8661-48AD-A20E-BA01B3071341}.Debug|Any CPU.Build.0 = Debug|Any CPU
		{33E32769-8661-48AD-A20E-BA01B3071341}.Release|Any CPU.ActiveCfg = Release|Any CPU
		{33E32769-8661-48AD-A20E-BA01B3071341}.Release|Any CPU.Build.0 = Release|Any CPU
	EndGlobalSection
	GlobalSection(SolutionProperties) = preSolution
		HideSolutionNode = FALSE
	EndGlobalSection
	GlobalSection(ExtensibilityGlobals) = postSolution
		SolutionGuid = {6A4ECEFE-8631-4EB7-BE8B-A26863C1992F}
	EndGlobalSection
EndGlobal
